
Microsoft Visual Studio Solution File, Format Version 12.00
# Visual Studio 15
VisualStudioVersion = 15.0.28307.136
MinimumVisualStudioVersion = 10.0.40219.1
Project("{FAE04EC0-301F-11D3-BF4B-00C04F79EFBC}") = "ByteBank", "ByteBank\ByteBank.csproj", "{7571B240-ACBB-4BCF-8AA0-A986AA972D9A}"
EndProject
Global
	GlobalSection(SolutionConfigurationPlatforms) = preSolution
		Debug|Any CPU = Debug|Any CPU
		Release|Any CPU = Release|Any CPU
	EndGlobalSection
	GlobalSection(ProjectConfigurationPlatforms) = postSolution
		{7571B240-ACBB-4BCF-8AA0-A986AA972D9A}.Debug|Any CPU.ActiveCfg = Debug|Any CPU
		{7571B240-ACBB-4BCF-8AA0-A986AA972D9A}.Debug|Any CPU.Build.0 = Debug|Any CPU
		{7571B240-ACBB-4BCF-8AA0-A986AA972D9A}.Release|Any CPU.ActiveCfg = Release|Any CPU
		{7571B240-ACBB-4BCF-8AA0-A986AA972D9A}.Release|Any CPU.Build.0 = Release|Any CPU
	EndGlobalSection
	GlobalSection(SolutionProperties) = preSolution
		HideSolutionNode = FALSE
	EndGlobalSection
	GlobalSection(ExtensibilityGlobals) = postSolution
		SolutionGuid = {96A05537-10E9-47AA-9A9B-ACE9D64A4AD0}
	EndGlobalSection
EndGlobal
