
Microsoft Visual Studio Solution File, Format Version 12.00
# Visual Studio 15
VisualStudioVersion = 15.0.28307.136
MinimumVisualStudioVersion = 10.0.40219.1
Project("{FAE04EC0-301F-11D3-BF4B-00C04F79EFBC}") = "ExceptionBank", "ExceptionBank\ExceptionBank.csproj", "{3DD6AB7B-D245-402F-B2A5-EDA0A944B3D1}"
EndProject
Global
	GlobalSection(SolutionConfigurationPlatforms) = preSolution
		Debug|Any CPU = Debug|Any CPU
		Release|Any CPU = Release|Any CPU
	EndGlobalSection
	GlobalSection(ProjectConfigurationPlatforms) = postSolution
		{3DD6AB7B-D245-402F-B2A5-EDA0A944B3D1}.Debug|Any CPU.ActiveCfg = Debug|Any CPU
		{3DD6AB7B-D245-402F-B2A5-EDA0A944B3D1}.Debug|Any CPU.Build.0 = Debug|Any CPU
		{3DD6AB7B-D245-402F-B2A5-EDA0A944B3D1}.Release|Any CPU.ActiveCfg = Release|Any CPU
		{3DD6AB7B-D245-402F-B2A5-EDA0A944B3D1}.Release|Any CPU.Build.0 = Release|Any CPU
	EndGlobalSection
	GlobalSection(SolutionProperties) = preSolution
		HideSolutionNode = FALSE
	EndGlobalSection
	GlobalSection(ExtensibilityGlobals) = postSolution
		SolutionGuid = {818C70F0-5C14-4053-8A58-E19634194D16}
	EndGlobalSection
EndGlobal
