
Microsoft Visual Studio Solution File, Format Version 12.00
# Visual Studio 15
VisualStudioVersion = 15.0.28307.168
MinimumVisualStudioVersion = 10.0.40219.1
Project("{FAE04EC0-301F-11D3-BF4B-00C04F79EFBC}") = "DesignPatterns", "DesignPatterns\DesignPatterns.csproj", "{99A49924-3CB6-450D-AF67-9718FDC744F1}"
EndProject
Global
	GlobalSection(SolutionConfigurationPlatforms) = preSolution
		Debug|Any CPU = Debug|Any CPU
		Release|Any CPU = Release|Any CPU
	EndGlobalSection
	GlobalSection(ProjectConfigurationPlatforms) = postSolution
		{99A49924-3CB6-450D-AF67-9718FDC744F1}.Debug|Any CPU.ActiveCfg = Debug|Any CPU
		{99A49924-3CB6-450D-AF67-9718FDC744F1}.Debug|Any CPU.Build.0 = Debug|Any CPU
		{99A49924-3CB6-450D-AF67-9718FDC744F1}.Release|Any CPU.ActiveCfg = Release|Any CPU
		{99A49924-3CB6-450D-AF67-9718FDC744F1}.Release|Any CPU.Build.0 = Release|Any CPU
	EndGlobalSection
	GlobalSection(SolutionProperties) = preSolution
		HideSolutionNode = FALSE
	EndGlobalSection
	GlobalSection(ExtensibilityGlobals) = postSolution
		SolutionGuid = {A3F3605D-7CA6-47E2-B602-7F3B37EB9BB6}
	EndGlobalSection
EndGlobal
